
Microsoft Visual Studio Solution File, Format Version 12.00
# Visual Studio Version 17
VisualStudioVersion = 17.3.32901.215
MinimumVisualStudioVersion = 10.0.40219.1
Project("{9A19103F-16F7-4668-BE54-9A1E7A4F7556}") = "avalonia-11-0-2-mirtek-demo", "avalonia-11-0-2-mirtek-demo.csproj", "{CD70C194-7B98-4C02-8DB6-523C12DB06B8}"
EndProject
Global
	GlobalSection(SolutionConfigurationPlatforms) = preSolution
		Debug|Any CPU = Debug|Any CPU
		Release|Any CPU = Release|Any CPU
	EndGlobalSection
	GlobalSection(ProjectConfigurationPlatforms) = postSolution
		{CD70C194-7B98-4C02-8DB6-523C12DB06B8}.Debug|Any CPU.ActiveCfg = Debug|Any CPU
		{CD70C194-7B98-4C02-8DB6-523C12DB06B8}.Debug|Any CPU.Build.0 = Debug|Any CPU
		{CD70C194-7B98-4C02-8DB6-523C12DB06B8}.Release|Any CPU.ActiveCfg = Release|Any CPU
		{CD70C194-7B98-4C02-8DB6-523C12DB06B8}.Release|Any CPU.Build.0 = Release|Any CPU
	EndGlobalSection
	GlobalSection(SolutionProperties) = preSolution
		HideSolutionNode = FALSE
	EndGlobalSection
	GlobalSection(ExtensibilityGlobals) = postSolution
		SolutionGuid = {225F3768-A3D2-44FA-A32B-851C2AB7FF60}
	EndGlobalSection
EndGlobal
